{
  "name": "@serverless-wrapper/openwhisk",
  "lockfileVersion": 3,
  "requires": true,
  "packages": {
    "": {
      "name": "@serverless-wrapper/openwhisk",
      "dependencies": {
        "@serverless-wrapper/core": "file:../core"
      }
    },
    "../core": {
      "dependencies": {
        "yaml": "^2.3.3"
      }
    },
    "node_modules/@serverless-wrapper/core": {
      "resolved": "../core",
      "link": true
    }
  }
}
