{
  "name": "serverless-wrapper-demo",
  "lockfileVersion": 3,
  "requires": true,
  "packages": {
    "": {
      "name": "serverless-wrapper-demo",
      "dependencies": {
        "@serverless-wrapper/core": "1.0.0",
        "serverless-wrapper-lib": "file:lib"
      },
      "devDependencies": {
        "@serverless-wrapper/aws": "file:../lib/aws",
        "@serverless-wrapper/digital-ocean": "file:../lib/digital-ocean",
        "@serverless-wrapper/express": "file:../lib/express",
        "@serverless-wrapper/parser": "file:../lib/parser"
      }
    },
    "../lib/aws": {
      "name": "@serverless-wrapper/aws-lambda",
      "version": "0.9.0",
      "dev": true,
      "license": "ISC",
      "dependencies": {
        "@pulumi/aws": "^7.15.0",
        "@serverless-wrapper/core": "1.0.0",
        "@serverless-wrapper/parser": "1.0.0",
        "archiver": "^6.0.1"
      }
    },
    "../lib/digital-ocean": {
      "name": "@serverless-wrapper/digital-ocean",
      "version": "1.0.0",
      "dev": true,
      "license": "ISC",
      "dependencies": {
        "@serverless-wrapper/core": "1.0.0",
        "@serverless-wrapper/parser": "1.0.0",
        "archiver": "^6.0.1",
        "yaml": "^2.3.4"
      },
      "devDependencies": {}
    },
    "../lib/express": {
      "name": "@serverless-wrapper/express",
      "version": "1.0.0",
      "dev": true,
      "license": "ISC",
      "dependencies": {
        "@serverless-wrapper/core": "1.0.0",
        "@serverless-wrapper/parser": "1.0.0",
        "express": "^4.18.2"
      },
      "devDependencies": {}
    },
    "../lib/parser": {
      "name": "@serverless-wrapper/parser",
      "version": "1.0.0",
      "dev": true,
      "license": "ISC",
      "dependencies": {
        "yaml": "^2.3.3"
      },
      "devDependencies": {}
    },
    "lib": {
      "name": "serverless-wrapper-lib",
      "version": "1.0.0",
      "license": "ISC"
    },
    "node_modules/@serverless-wrapper/aws": {
      "resolved": "../lib/aws",
      "link": true
    },
    "node_modules/@serverless-wrapper/core": {
      "version": "1.0.0",
      "resolved": "https://registry.npmjs.org/@serverless-wrapper/core/-/core-1.0.0.tgz",
      "integrity": "sha512-Qcm/kKjmksQnHVK325OKRfOMVhBveimnd6QDkkbKY0ShqLAhY9iccvNHCf7TnN+lPhOAuno93nLw66YRcNdD9g==",
      "license": "ISC"
    },
    "node_modules/@serverless-wrapper/digital-ocean": {
      "resolved": "../lib/digital-ocean",
      "link": true
    },
    "node_modules/@serverless-wrapper/express": {
      "resolved": "../lib/express",
      "link": true
    },
    "node_modules/@serverless-wrapper/parser": {
      "resolved": "../lib/parser",
      "link": true
    },
    "node_modules/serverless-wrapper-lib": {
      "resolved": "lib",
      "link": true
    }
  }
}
