{
  "name": "serverless-wrapper-demo",
  "lockfileVersion": 3,
  "requires": true,
  "packages": {
    "": {
      "name": "serverless-wrapper-demo",
      "dependencies": {
        "@serverless-wrapper/core": "file:../lib/core",
        "@serverless-wrapper/digital-ocean": "file:../lib/digital-ocean",
        "@serverless-wrapper/express": "file:../lib/express",
        "@serverless-wrapper/parser": "file:../lib/parser",
        "serverless-wrapper-lib": "file:lib"
      }
    },
    "../lib": {
      "name": "serverless-wrapper",
      "dependencies": {
        "express": "^4.18.2",
        "yaml": "^2.3.3"
      }
    },
    "../lib/core": {
      "name": "@serverless-wrapper/core"
    },
    "../lib/digital-ocean": {
      "dependencies": {
        "@serverless-wrapper/core": "file:../core",
        "@serverless-wrapper/parser": "file:../parser",
        "archiver": "^6.0.1",
        "yaml": "^2.3.4"
      }
    },
    "../lib/express": {
      "name": "@serverless-wrapper/express",
      "dependencies": {
        "@serverless-wrapper/core": "file:../core",
        "@serverless-wrapper/parser": "file:../parser",
        "express": "^4.18.2"
      }
    },
    "../lib/parser": {
      "name": "@serverless-wrapper/parser",
      "dependencies": {
        "yaml": "^2.3.3"
      }
    },
    "lib": {
      "name": "serverless-wrapper-lib",
      "version": "1.0.0",
      "license": "ISC"
    },
    "node_modules/@serverless-wrapper/core": {
      "resolved": "../lib/core",
      "link": true
    },
    "node_modules/@serverless-wrapper/digital-ocean": {
      "resolved": "../lib/digital-ocean",
      "link": true
    },
    "node_modules/@serverless-wrapper/express": {
      "resolved": "../lib/express",
      "link": true
    },
    "node_modules/@serverless-wrapper/parser": {
      "resolved": "../lib/parser",
      "link": true
    },
    "node_modules/serverless-wrapper-lib": {
      "resolved": "lib",
      "link": true
    }
  }
}
