{
  "name": "serverless-wrapper-demo",
  "lockfileVersion": 3,
  "requires": true,
  "packages": {
    "": {
      "name": "serverless-wrapper-demo",
      "dependencies": {
        "@serverless-wrapper/core": "file:../lib/core",
        "serverless-wrapper-lib": "file:lib"
      }
    },
    "../lib": {
      "name": "serverless-wrapper",
      "dependencies": {
        "express": "^4.18.2",
        "yaml": "^2.3.3"
      }
    },
    "../lib/core": {
      "dependencies": {
        "yaml": "^2.3.3"
      }
    },
    "lib": {
      "name": "serverless-wrapper-lib",
      "version": "1.0.0",
      "license": "ISC"
    },
    "node_modules/@serverless-wrapper/core": {
      "resolved": "../lib/core",
      "link": true
    },
    "node_modules/serverless-wrapper-lib": {
      "resolved": "lib",
      "link": true
    }
  }
}
